
Microsoft Visual Studio Solution File, Format Version 12.00
# Visual Studio Version 16
VisualStudioVersion = 16.0.31729.503
MinimumVisualStudioVersion = 10.0.40219.1
Project("{FAE04EC0-301F-11D3-BF4B-00C04F79EFBC}") = "gerenciador_de_filmes_e_series.Android", "gerenciador_de_filmes_e_series\gerenciador_de_filmes_e_series.Android\gerenciador_de_filmes_e_series.Android.csproj", "{00793D2C-B48F-415B-BB1C-DE8886BF0CCE}"
EndProject
Project("{FAE04EC0-301F-11D3-BF4B-00C04F79EFBC}") = "gerenciador_de_filmes_e_series", "gerenciador_de_filmes_e_series\gerenciador_de_filmes_e_series\gerenciador_de_filmes_e_series.csproj", "{4596B92D-0146-4FB0-B38C-9FE315C45541}"
EndProject
Global
	GlobalSection(SolutionConfigurationPlatforms) = preSolution
		Debug|Any CPU = Debug|Any CPU
		Release|Any CPU = Release|Any CPU
	EndGlobalSection
	GlobalSection(ProjectConfigurationPlatforms) = postSolution
		{00793D2C-B48F-415B-BB1C-DE8886BF0CCE}.Debug|Any CPU.ActiveCfg = Debug|Any CPU
		{00793D2C-B48F-415B-BB1C-DE8886BF0CCE}.Debug|Any CPU.Build.0 = Debug|Any CPU
		{00793D2C-B48F-415B-BB1C-DE8886BF0CCE}.Debug|Any CPU.Deploy.0 = Debug|Any CPU
		{00793D2C-B48F-415B-BB1C-DE8886BF0CCE}.Release|Any CPU.ActiveCfg = Release|Any CPU
		{00793D2C-B48F-415B-BB1C-DE8886BF0CCE}.Release|Any CPU.Build.0 = Release|Any CPU
		{00793D2C-B48F-415B-BB1C-DE8886BF0CCE}.Release|Any CPU.Deploy.0 = Release|Any CPU
		{4596B92D-0146-4FB0-B38C-9FE315C45541}.Debug|Any CPU.ActiveCfg = Debug|Any CPU
		{4596B92D-0146-4FB0-B38C-9FE315C45541}.Debug|Any CPU.Build.0 = Debug|Any CPU
		{4596B92D-0146-4FB0-B38C-9FE315C45541}.Debug|Any CPU.Deploy.0 = Debug|Any CPU
		{4596B92D-0146-4FB0-B38C-9FE315C45541}.Release|Any CPU.ActiveCfg = Release|Any CPU
		{4596B92D-0146-4FB0-B38C-9FE315C45541}.Release|Any CPU.Build.0 = Release|Any CPU
		{4596B92D-0146-4FB0-B38C-9FE315C45541}.Release|Any CPU.Deploy.0 = Release|Any CPU
	EndGlobalSection
	GlobalSection(SolutionProperties) = preSolution
		HideSolutionNode = FALSE
	EndGlobalSection
	GlobalSection(ExtensibilityGlobals) = postSolution
		SolutionGuid = {407B707D-D0D2-4271-8A09-9CB2D5B00596}
	EndGlobalSection
EndGlobal
