
Microsoft Visual Studio Solution File, Format Version 12.00
# Visual Studio Version 16
VisualStudioVersion = 16.0.31229.75
MinimumVisualStudioVersion = 10.0.40219.1
Project("{FAE04EC0-301F-11D3-BF4B-00C04F79EFBC}") = "Primeiro App em Xamarin.Android", "Primeiro App em Xamarin.Android\Primeiro App em Xamarin.Android.csproj", "{09647D1C-4ADC-4A47-B4CE-5FDF91F79618}"
EndProject
Project("{FAE04EC0-301F-11D3-BF4B-00C04F79EFBC}") = "Primeiro App em Xamarin", "Primeiro App em Xamarin\Primeiro App em Xamarin.csproj", "{FE73D14A-E36F-4A58-991C-EFDF54009AE5}"
EndProject
Global
	GlobalSection(SolutionConfigurationPlatforms) = preSolution
		Debug|Any CPU = Debug|Any CPU
		Release|Any CPU = Release|Any CPU
	EndGlobalSection
	GlobalSection(ProjectConfigurationPlatforms) = postSolution
		{09647D1C-4ADC-4A47-B4CE-5FDF91F79618}.Debug|Any CPU.ActiveCfg = Debug|Any CPU
		{09647D1C-4ADC-4A47-B4CE-5FDF91F79618}.Debug|Any CPU.Build.0 = Debug|Any CPU
		{09647D1C-4ADC-4A47-B4CE-5FDF91F79618}.Debug|Any CPU.Deploy.0 = Debug|Any CPU
		{09647D1C-4ADC-4A47-B4CE-5FDF91F79618}.Release|Any CPU.ActiveCfg = Release|Any CPU
		{09647D1C-4ADC-4A47-B4CE-5FDF91F79618}.Release|Any CPU.Build.0 = Release|Any CPU
		{09647D1C-4ADC-4A47-B4CE-5FDF91F79618}.Release|Any CPU.Deploy.0 = Release|Any CPU
		{FE73D14A-E36F-4A58-991C-EFDF54009AE5}.Debug|Any CPU.ActiveCfg = Debug|Any CPU
		{FE73D14A-E36F-4A58-991C-EFDF54009AE5}.Debug|Any CPU.Build.0 = Debug|Any CPU
		{FE73D14A-E36F-4A58-991C-EFDF54009AE5}.Debug|Any CPU.Deploy.0 = Debug|Any CPU
		{FE73D14A-E36F-4A58-991C-EFDF54009AE5}.Release|Any CPU.ActiveCfg = Release|Any CPU
		{FE73D14A-E36F-4A58-991C-EFDF54009AE5}.Release|Any CPU.Build.0 = Release|Any CPU
		{FE73D14A-E36F-4A58-991C-EFDF54009AE5}.Release|Any CPU.Deploy.0 = Release|Any CPU
	EndGlobalSection
	GlobalSection(SolutionProperties) = preSolution
		HideSolutionNode = FALSE
	EndGlobalSection
	GlobalSection(ExtensibilityGlobals) = postSolution
		SolutionGuid = {4DA64521-C41B-4B0C-ADA5-27050F63B09F}
	EndGlobalSection
EndGlobal
